
Microsoft Visual Studio Solution File, Format Version 12.00
# Visual Studio Version 17
VisualStudioVersion = 17.13.35818.85 d17.13
MinimumVisualStudioVersion = 10.0.40219.1
Project("{FAE04EC0-301F-11D3-BF4B-00C04F79EFBC}") = "Nullable_Types", "Nullable_Types\Nullable_Types.csproj", "{71ABE67B-81EC-4776-95B5-B0E86C7BAF64}"
EndProject
Global
	GlobalSection(SolutionConfigurationPlatforms) = preSolution
		Debug|Any CPU = Debug|Any CPU
		Release|Any CPU = Release|Any CPU
	EndGlobalSection
	GlobalSection(ProjectConfigurationPlatforms) = postSolution
		{71ABE67B-81EC-4776-95B5-B0E86C7BAF64}.Debug|Any CPU.ActiveCfg = Debug|Any CPU
		{71ABE67B-81EC-4776-95B5-B0E86C7BAF64}.Debug|Any CPU.Build.0 = Debug|Any CPU
		{71ABE67B-81EC-4776-95B5-B0E86C7BAF64}.Release|Any CPU.ActiveCfg = Release|Any CPU
		{71ABE67B-81EC-4776-95B5-B0E86C7BAF64}.Release|Any CPU.Build.0 = Release|Any CPU
	EndGlobalSection
	GlobalSection(SolutionProperties) = preSolution
		HideSolutionNode = FALSE
	EndGlobalSection
	GlobalSection(ExtensibilityGlobals) = postSolution
		SolutionGuid = {AAF50EF0-1488-4C53-929D-94CA7F9F6F2F}
	EndGlobalSection
EndGlobal
